
Microsoft Visual Studio Solution File, Format Version 12.00
# Visual Studio Version 17
VisualStudioVersion = 17.3.32901.215
MinimumVisualStudioVersion = 10.0.40219.1
Project("{FAE04EC0-301F-11D3-BF4B-00C04F79EFBC}") = "Redis.API", "Redis.API\Redis.API.csproj", "{D163F180-4EA0-4B6B-A02F-5DDD16EAAD76}"
EndProject
Project("{FAE04EC0-301F-11D3-BF4B-00C04F79EFBC}") = "Data", "Data\Data.csproj", "{A100253F-5947-4D1F-8784-0ABB62BF0854}"
EndProject
Project("{FAE04EC0-301F-11D3-BF4B-00C04F79EFBC}") = "Model", "Model\Model.csproj", "{3AFD9EB2-8538-4631-B974-88F684BF37AB}"
EndProject
Global
	GlobalSection(SolutionConfigurationPlatforms) = preSolution
		Debug|Any CPU = Debug|Any CPU
		Release|Any CPU = Release|Any CPU
	EndGlobalSection
	GlobalSection(ProjectConfigurationPlatforms) = postSolution
		{D163F180-4EA0-4B6B-A02F-5DDD16EAAD76}.Debug|Any CPU.ActiveCfg = Debug|Any CPU
		{D163F180-4EA0-4B6B-A02F-5DDD16EAAD76}.Debug|Any CPU.Build.0 = Debug|Any CPU
		{D163F180-4EA0-4B6B-A02F-5DDD16EAAD76}.Release|Any CPU.ActiveCfg = Release|Any CPU
		{D163F180-4EA0-4B6B-A02F-5DDD16EAAD76}.Release|Any CPU.Build.0 = Release|Any CPU
		{A100253F-5947-4D1F-8784-0ABB62BF0854}.Debug|Any CPU.ActiveCfg = Debug|Any CPU
		{A100253F-5947-4D1F-8784-0ABB62BF0854}.Debug|Any CPU.Build.0 = Debug|Any CPU
		{A100253F-5947-4D1F-8784-0ABB62BF0854}.Release|Any CPU.ActiveCfg = Release|Any CPU
		{A100253F-5947-4D1F-8784-0ABB62BF0854}.Release|Any CPU.Build.0 = Release|Any CPU
		{3AFD9EB2-8538-4631-B974-88F684BF37AB}.Debug|Any CPU.ActiveCfg = Debug|Any CPU
		{3AFD9EB2-8538-4631-B974-88F684BF37AB}.Debug|Any CPU.Build.0 = Debug|Any CPU
		{3AFD9EB2-8538-4631-B974-88F684BF37AB}.Release|Any CPU.ActiveCfg = Release|Any CPU
		{3AFD9EB2-8538-4631-B974-88F684BF37AB}.Release|Any CPU.Build.0 = Release|Any CPU
	EndGlobalSection
	GlobalSection(SolutionProperties) = preSolution
		HideSolutionNode = FALSE
	EndGlobalSection
	GlobalSection(ExtensibilityGlobals) = postSolution
		SolutionGuid = {B07C1F0C-73EE-4FF7-9950-E8C3EDB204EF}
	EndGlobalSection
EndGlobal
